# This file is autogenerated, do not edit; changes may be undone by the next 'dep ensure'.


[[projects]]
  name = "github.com/zeromq/goczmq"
  packages = ["."]
  revision = "98ab09146269d98bc3e427046f5fc222c4134e0b"
  version = "v4.1.0"

[solve-meta]
  analyzer-name = "dep"
  analyzer-version = 1
  inputs-digest = "b8a9be9117866fcccecea12ff5112255f6b7ad327c392ae62a4330a864176281"
  solver-name = "gps-cdcl"
  solver-version = 1
